<?xml version="1.0" encoding="utf-8"?>
<Project ToolsVersion="4.0" xmlns="http://schemas.microsoft.com/developer/msbuild/2003">
  <ItemGroup>
    <Filter Include="Source Files">
      <UniqueIdentifier>{4FC737F1-C7A5-4376-A066-2A32D752A2FF}</UniqueIdentifier>
      <Extensions>cpp;c;cc;cxx;c++;cppm;ixx;def;odl;idl;hpj;bat;asm;asmx</Extensions>
    </Filter>
    <Filter Include="Resource Files">
      <UniqueIdentifier>{67DA6AB6-F800-4c08-8B7A-83BB121AAD01}</UniqueIdentifier>
      <Extensions>rc;ico;cur;bmp;dlg;rc2;rct;bin;rgs;gif;jpg;jpeg;jpe;resx;tiff;tif;png;wav;mfcribbon-ms</Extensions>
    </Filter>
    <Filter Include="imguiDependencies">
      <UniqueIdentifier>{4fcc8a52-f76b-47ae-a314-cc1b6a598f87}</UniqueIdentifier>
    </Filter>
    <Filter Include="Header Files %28Default%29">
      <UniqueIdentifier>{93995380-89BD-4b04-88EB-625FBE52EBFB}</UniqueIdentifier>
      <Extensions>h;hh;hpp;hxx;h++;hm;inl;inc;ipp;xsd</Extensions>
    </Filter>
    <Filter Include="Header Files %28Remaining%29">
      <UniqueIdentifier>{cc85c35a-8aa6-4492-ac7f-2615baeac87b}</UniqueIdentifier>
    </Filter>
    <Filter Include="Source Files\Assets">
      <UniqueIdentifier>{7b9d0617-0eaf-4b77-a2d9-e1a6370f7363}</UniqueIdentifier>
    </Filter>
  </ItemGroup>
  <ItemGroup>
    <ClInclude Include="framework.h">
      <Filter>Header Files %28Default%29</Filter>
    </ClInclude>
    <ClInclude Include="targetver.h">
      <Filter>Header Files %28Default%29</Filter>
    </ClInclude>
    <ClInclude Include="Resource.h">
      <Filter>Header Files %28Default%29</Filter>
    </ClInclude>
    <ClInclude Include="ProteinProjectv1.h">
      <Filter>Header Files %28Default%29</Filter>
    </ClInclude>
    <ClInclude Include="activity_bar.h">
      <Filter>Header Files %28Remaining%29</Filter>
    </ClInclude>
    <ClInclude Include="AllHeader.h">
      <Filter>Header Files %28Remaining%29</Filter>
    </ClInclude>
    <ClInclude Include="commandline.h">
      <Filter>Header Files %28Remaining%29</Filter>
    </ClInclude>
    <ClInclude Include="editor_group.h">
      <Filter>Header Files %28Remaining%29</Filter>
    </ClInclude>
    <ClInclude Include="main_ui.h">
      <Filter>Header Files %28Remaining%29</Filter>
    </ClInclude>
    <ClInclude Include="status_bar.h">
      <Filter>Header Files %28Remaining%29</Filter>
    </ClInclude>
    <ClInclude Include="toolkit.h">
      <Filter>Header Files %28Remaining%29</Filter>
    </ClInclude>
    <ClInclude Include="visualizer.h">
      <Filter>Header Files %28Remaining%29</Filter>
    </ClInclude>
    <ClInclude Include="LineRenderer.h">
      <Filter>Header Files %28Remaining%29</Filter>
    </ClInclude>
    <ClInclude Include="FileReader.h">
      <Filter>Header Files %28Remaining%29</Filter>
    </ClInclude>
  </ItemGroup>
  <ItemGroup>
    <ClCompile Include="main.cpp">
      <Filter>Source Files</Filter>
    </ClCompile>
    <ClCompile Include="..\GLneeds\Include\imguicpp\imgui_widgets.cpp">
      <Filter>imguiDependencies</Filter>
    </ClCompile>
    <ClCompile Include="..\GLneeds\Include\imguicpp\imgui.cpp">
      <Filter>imguiDependencies</Filter>
    </ClCompile>
    <ClCompile Include="..\GLneeds\Include\imguicpp\imgui_demo.cpp">
      <Filter>imguiDependencies</Filter>
    </ClCompile>
    <ClCompile Include="..\GLneeds\Include\imguicpp\imgui_draw.cpp">
      <Filter>imguiDependencies</Filter>
    </ClCompile>
    <ClCompile Include="..\GLneeds\Include\imguicpp\imgui_impl_glfw.cpp">
      <Filter>imguiDependencies</Filter>
    </ClCompile>
    <ClCompile Include="..\GLneeds\Include\imguicpp\imgui_impl_opengl3.cpp">
      <Filter>imguiDependencies</Filter>
    </ClCompile>
    <ClCompile Include="..\GLneeds\Include\imguicpp\imgui_tables.cpp">
      <Filter>imguiDependencies</Filter>
    </ClCompile>
    <ClCompile Include="main_ui.cpp">
      <Filter>Source Files</Filter>
    </ClCompile>
    <ClCompile Include="activity_bar.cpp">
      <Filter>Source Files</Filter>
    </ClCompile>
    <ClCompile Include="status_bar.cpp">
      <Filter>Source Files</Filter>
    </ClCompile>
    <ClCompile Include="toolkit.cpp">
      <Filter>Source Files</Filter>
    </ClCompile>
    <ClCompile Include="editor_group.cpp">
      <Filter>Source Files</Filter>
    </ClCompile>
    <ClCompile Include="commandline.cpp">
      <Filter>Source Files</Filter>
    </ClCompile>
    <ClCompile Include="visualizer.cpp">
      <Filter>Source Files</Filter>
    </ClCompile>
    <ClCompile Include="LineRenderer.cpp">
      <Filter>Source Files</Filter>
    </ClCompile>
    <ClCompile Include="FileReader.cpp">
      <Filter>Source Files</Filter>
    </ClCompile>
  </ItemGroup>
  <ItemGroup>
    <ResourceCompile Include="ProteinProjectv1.rc">
      <Filter>Resource Files</Filter>
    </ResourceCompile>
  </ItemGroup>
  <ItemGroup>
    <Image Include="small.ico">
      <Filter>Resource Files</Filter>
    </Image>
    <Image Include="ProteinProjectv1.ico">
      <Filter>Resource Files</Filter>
    </Image>
  </ItemGroup>
  <ItemGroup>
    <CopyFileToFolders Include="glew32.dll" />
  </ItemGroup>
  <ItemGroup>
    <Text Include="Coordinates.txt">
      <Filter>Source Files\Assets</Filter>
    </Text>
  </ItemGroup>
</Project>